
Microsoft Visual Studio Solution File, Format Version 12.00
# Visual Studio Version 17
VisualStudioVersion = 17.3.32929.385
MinimumVisualStudioVersion = 10.0.40219.1
Project("{FAE04EC0-301F-11D3-BF4B-00C04F79EFBC}") = "WPF_Kuznetsof_PR13", "WPF_Kuznetsof_PR13\WPF_Kuznetsof_PR13.csproj", "{2477F099-501C-4B15-A4C3-6709C0CDCA8B}"
EndProject
Global
	GlobalSection(SolutionConfigurationPlatforms) = preSolution
		Debug|Any CPU = Debug|Any CPU
		Release|Any CPU = Release|Any CPU
	EndGlobalSection
	GlobalSection(ProjectConfigurationPlatforms) = postSolution
		{2477F099-501C-4B15-A4C3-6709C0CDCA8B}.Debug|Any CPU.ActiveCfg = Debug|Any CPU
		{2477F099-501C-4B15-A4C3-6709C0CDCA8B}.Debug|Any CPU.Build.0 = Debug|Any CPU
		{2477F099-501C-4B15-A4C3-6709C0CDCA8B}.Release|Any CPU.ActiveCfg = Release|Any CPU
		{2477F099-501C-4B15-A4C3-6709C0CDCA8B}.Release|Any CPU.Build.0 = Release|Any CPU
	EndGlobalSection
	GlobalSection(SolutionProperties) = preSolution
		HideSolutionNode = FALSE
	EndGlobalSection
	GlobalSection(ExtensibilityGlobals) = postSolution
		SolutionGuid = {726B7C2E-8B34-4521-B076-056E3F97B92E}
	EndGlobalSection
EndGlobal
